
Microsoft Visual Studio Solution File, Format Version 12.00
# Visual Studio Version 17
VisualStudioVersion = 17.14.36327.8 d17.14
MinimumVisualStudioVersion = 10.0.40219.1
Project("{FAE04EC0-301F-11D3-BF4B-00C04F79EFBC}") = "CodingChallenges", "CodingChallenges\CodingChallenges.csproj", "{1C76227F-2F9F-481E-9D4B-D084882D94A6}"
EndProject
Project("{FAE04EC0-301F-11D3-BF4B-00C04F79EFBC}") = "HackerRank", "HackerRank\HackerRank.csproj", "{4C3FC68D-BF96-4EED-9203-0DEF9A674532}"
EndProject
Project("{FAE04EC0-301F-11D3-BF4B-00C04F79EFBC}") = "CodeWars", "CodeWars\CodeWars.csproj", "{AB9FC32E-3B3E-435F-8E19-834CF32B700F}"
EndProject
Project("{FAE04EC0-301F-11D3-BF4B-00C04F79EFBC}") = "LeetCode", "LeetCode\LeetCode.csproj", "{ECB55101-96A5-483A-A1FD-9D39D451DF18}"
EndProject
Global
	GlobalSection(SolutionConfigurationPlatforms) = preSolution
		Debug|Any CPU = Debug|Any CPU
		Release|Any CPU = Release|Any CPU
	EndGlobalSection
	GlobalSection(ProjectConfigurationPlatforms) = postSolution
		{1C76227F-2F9F-481E-9D4B-D084882D94A6}.Debug|Any CPU.ActiveCfg = Debug|Any CPU
		{1C76227F-2F9F-481E-9D4B-D084882D94A6}.Debug|Any CPU.Build.0 = Debug|Any CPU
		{1C76227F-2F9F-481E-9D4B-D084882D94A6}.Release|Any CPU.ActiveCfg = Release|Any CPU
		{1C76227F-2F9F-481E-9D4B-D084882D94A6}.Release|Any CPU.Build.0 = Release|Any CPU
		{4C3FC68D-BF96-4EED-9203-0DEF9A674532}.Debug|Any CPU.ActiveCfg = Debug|Any CPU
		{4C3FC68D-BF96-4EED-9203-0DEF9A674532}.Debug|Any CPU.Build.0 = Debug|Any CPU
		{4C3FC68D-BF96-4EED-9203-0DEF9A674532}.Release|Any CPU.ActiveCfg = Release|Any CPU
		{4C3FC68D-BF96-4EED-9203-0DEF9A674532}.Release|Any CPU.Build.0 = Release|Any CPU
		{AB9FC32E-3B3E-435F-8E19-834CF32B700F}.Debug|Any CPU.ActiveCfg = Debug|Any CPU
		{AB9FC32E-3B3E-435F-8E19-834CF32B700F}.Debug|Any CPU.Build.0 = Debug|Any CPU
		{AB9FC32E-3B3E-435F-8E19-834CF32B700F}.Release|Any CPU.ActiveCfg = Release|Any CPU
		{AB9FC32E-3B3E-435F-8E19-834CF32B700F}.Release|Any CPU.Build.0 = Release|Any CPU
		{ECB55101-96A5-483A-A1FD-9D39D451DF18}.Debug|Any CPU.ActiveCfg = Debug|Any CPU
		{ECB55101-96A5-483A-A1FD-9D39D451DF18}.Debug|Any CPU.Build.0 = Debug|Any CPU
		{ECB55101-96A5-483A-A1FD-9D39D451DF18}.Release|Any CPU.ActiveCfg = Release|Any CPU
		{ECB55101-96A5-483A-A1FD-9D39D451DF18}.Release|Any CPU.Build.0 = Release|Any CPU
	EndGlobalSection
	GlobalSection(SolutionProperties) = preSolution
		HideSolutionNode = FALSE
	EndGlobalSection
	GlobalSection(ExtensibilityGlobals) = postSolution
		SolutionGuid = {F2EDB2EC-F8ED-4F4E-9F70-DCDDCA40755E}
	EndGlobalSection
EndGlobal
